
Microsoft Visual Studio Solution File, Format Version 12.00
# Visual Studio Version 17
VisualStudioVersion = 17.11.35431.28
MinimumVisualStudioVersion = 10.0.40219.1
Project("{FAE04EC0-301F-11D3-BF4B-00C04F79EFBC}") = "MatchingGameApp", "MatchingGameApp\MatchingGameApp.csproj", "{C6A73ABF-AC19-4DDF-BCD0-AAFDAF1EDBAA}"
EndProject
Global
	GlobalSection(SolutionConfigurationPlatforms) = preSolution
		Debug|Any CPU = Debug|Any CPU
		Release|Any CPU = Release|Any CPU
	EndGlobalSection
	GlobalSection(ProjectConfigurationPlatforms) = postSolution
		{C6A73ABF-AC19-4DDF-BCD0-AAFDAF1EDBAA}.Debug|Any CPU.ActiveCfg = Debug|Any CPU
		{C6A73ABF-AC19-4DDF-BCD0-AAFDAF1EDBAA}.Debug|Any CPU.Build.0 = Debug|Any CPU
		{C6A73ABF-AC19-4DDF-BCD0-AAFDAF1EDBAA}.Release|Any CPU.ActiveCfg = Release|Any CPU
		{C6A73ABF-AC19-4DDF-BCD0-AAFDAF1EDBAA}.Release|Any CPU.Build.0 = Release|Any CPU
	EndGlobalSection
	GlobalSection(SolutionProperties) = preSolution
		HideSolutionNode = FALSE
	EndGlobalSection
	GlobalSection(ExtensibilityGlobals) = postSolution
		SolutionGuid = {15AF74FC-3971-43C8-AE8A-21C5544B5327}
	EndGlobalSection
EndGlobal
